
Microsoft Visual Studio Solution File, Format Version 12.00
# Visual Studio Version 17
VisualStudioVersion = 17.11.35303.130
MinimumVisualStudioVersion = 10.0.40219.1
Project("{2150E333-8FDC-42A3-9474-1A3956D46DE8}") = "Task0", "Task0", "{586BBE5B-126F-419C-98AF-FC67A8A5C962}"
EndProject
Project("{9A19103F-16F7-4668-BE54-9A1E7A4F7556}") = "Tyuiu.OsadetsAA.Sprint6.Task0.V27.Lib", "Tyuiu.OsadetsAA.Sprint6.Task0.V27.Lib\Tyuiu.OsadetsAA.Sprint6.Task0.V27.Lib.csproj", "{30EB6D0D-48EE-4016-AADA-3267DA65538E}"
EndProject
Project("{9A19103F-16F7-4668-BE54-9A1E7A4F7556}") = "Tyuiu.OsadetsAA.Sprint6.Task0.V27.Test", "Tyuiu.OsadetsAA.Sprint6.Task0.V27.Test\Tyuiu.OsadetsAA.Sprint6.Task0.V27.Test.csproj", "{8BC8A3EC-873B-4463-BB77-3712D6AEF419}"
EndProject
Project("{9A19103F-16F7-4668-BE54-9A1E7A4F7556}") = "Tyuiu.OsadetsAA.Sprint6.Task0.V27", "Tyuiu.OsadetsAA.Sprint6.Task0.V27\Tyuiu.OsadetsAA.Sprint6.Task0.V27.csproj", "{4C7ABABC-A086-4D14-ABA8-843C78243974}"
EndProject
Project("{2150E333-8FDC-42A3-9474-1A3956D46DE8}") = "Task1", "Task1", "{3D8D1858-9D0E-44E7-B24E-5C9BC424167B}"
EndProject
Project("{9A19103F-16F7-4668-BE54-9A1E7A4F7556}") = "Tyuiu.OsadetsAA.Sprint6.Task1.V26.Lib", "Tyuiu.OsadetsAA.Sprint6.Task1.V26.Lib\Tyuiu.OsadetsAA.Sprint6.Task1.V26.Lib.csproj", "{15641805-A80E-4D3F-9BF3-E46251587587}"
EndProject
Project("{9A19103F-16F7-4668-BE54-9A1E7A4F7556}") = "Tyuiu.OsadetsAA.Sprint6.Task1.V26.Test", "Tyuiu.OsadetsAA.Sprint6.Task1.V26.Test\Tyuiu.OsadetsAA.Sprint6.Task1.V26.Test.csproj", "{66607E23-659D-4E49-917F-78A2A60DD96C}"
EndProject
Project("{9A19103F-16F7-4668-BE54-9A1E7A4F7556}") = "Tyuiu.OsadetsAA.Sprint6.Task1.V26", "Tyuiu.OsadetsAA.Sprint6.Task1.V26\Tyuiu.OsadetsAA.Sprint6.Task1.V26.csproj", "{307D3797-BF7B-49C5-9090-BFE093B623ED}"
EndProject
Project("{2150E333-8FDC-42A3-9474-1A3956D46DE8}") = "Task2", "Task2", "{FAF55980-44D8-4BF0-89D4-19F85AB24B0D}"
EndProject
Project("{9A19103F-16F7-4668-BE54-9A1E7A4F7556}") = "Tyuiu.OsadetsAA.Sprint6.Task2.V13.Lib", "Tyuiu.OsadetsAA.Sprint6.Task2.V13.Lib\Tyuiu.OsadetsAA.Sprint6.Task2.V13.Lib.csproj", "{8CC8027E-A3DE-4F7E-B959-8C27C34990C2}"
EndProject
Project("{9A19103F-16F7-4668-BE54-9A1E7A4F7556}") = "Tyuiu.OsadetsAA.Sprint6.Task2.V13.Test", "Tyuiu.OsadetsAA.Sprint6.Task2.V13.Test\Tyuiu.OsadetsAA.Sprint6.Task2.V13.Test.csproj", "{1A0B7B2B-6763-4393-8E17-CD51A6F06004}"
EndProject
Project("{9A19103F-16F7-4668-BE54-9A1E7A4F7556}") = "Tyuiu.OsadetsAA.Sprint6.Task2.V13", "Tyuiu.OsadetsAA.Sprint6.Task2.V13\Tyuiu.OsadetsAA.Sprint6.Task2.V13.csproj", "{B7034D36-FD46-4D41-8270-2AC26EE9F036}"
EndProject
Project("{2150E333-8FDC-42A3-9474-1A3956D46DE8}") = "Task3", "Task3", "{8D64A263-83CB-45E4-87E3-1F223DF1C1AB}"
EndProject
Project("{9A19103F-16F7-4668-BE54-9A1E7A4F7556}") = "Tyuiu.OsadetsAA.Sprint6.Task3.V7.Lib", "Tyuiu.OsadetsAA.Sprint6.Task3.V7.Lib\Tyuiu.OsadetsAA.Sprint6.Task3.V7.Lib.csproj", "{D31E4A68-DB8C-4DF6-B452-DFE469084512}"
EndProject
Project("{9A19103F-16F7-4668-BE54-9A1E7A4F7556}") = "Tyuiu.OsadetsAA.Sprint6.Task3.V7.Test", "Tyuiu.OsadetsAA.Sprint6.Task3.V7.Test\Tyuiu.OsadetsAA.Sprint6.Task3.V7.Test.csproj", "{CB54DA77-31C6-496A-9172-30858EBED9EC}"
EndProject
Project("{9A19103F-16F7-4668-BE54-9A1E7A4F7556}") = "Tyuiu.OsadetsAA.Sprint6.Task3.V7", "Tyuiu.OsadetsAA.Sprint6.Task3.V7\Tyuiu.OsadetsAA.Sprint6.Task3.V7.csproj", "{9E025A14-4BA9-4A31-B59D-34F71A88D792}"
EndProject
Project("{2150E333-8FDC-42A3-9474-1A3956D46DE8}") = "Task4", "Task4", "{FA819999-51B7-42E4-A953-FFF85DE2BB67}"
EndProject
Project("{9A19103F-16F7-4668-BE54-9A1E7A4F7556}") = "Tyuiu.OsadetsAA.Sprint6.Task4.V5.Lib", "Tyuiu.OsadetsAA.Sprint6.Task4.V5.Lib\Tyuiu.OsadetsAA.Sprint6.Task4.V5.Lib.csproj", "{75791FBD-C733-4EDF-A6C9-7E83B38E872A}"
EndProject
Project("{9A19103F-16F7-4668-BE54-9A1E7A4F7556}") = "Tyuiu.OsadetsAA.Sprint6.Task4.V5.Test", "Tyuiu.OsadetsAA.Sprint6.Task4.V5.Test\Tyuiu.OsadetsAA.Sprint6.Task4.V5.Test.csproj", "{AFF10091-B947-4832-B879-11A7BF8D0F88}"
EndProject
Project("{9A19103F-16F7-4668-BE54-9A1E7A4F7556}") = "Tyuiu.OsadetsAA.Sprint6.Task4.V5", "Tyuiu.OsadetsAA.Sprint6.Task4.V5\Tyuiu.OsadetsAA.Sprint6.Task4.V5.csproj", "{97D70A67-ED17-4E4A-84DE-6DB6ED91F622}"
EndProject
Project("{2150E333-8FDC-42A3-9474-1A3956D46DE8}") = "Task5", "Task5", "{5ED76563-B320-4AB3-BB9B-3F131A5C3BB5}"
EndProject
Project("{9A19103F-16F7-4668-BE54-9A1E7A4F7556}") = "Tyuiu.OsadetsAA.Sprint6.Task5.V4.Lib", "Tyuiu.OsadetsAA.Sprint6.Task5.V4.Lib\Tyuiu.OsadetsAA.Sprint6.Task5.V4.Lib.csproj", "{397EF890-86CA-4DB4-A253-BEB0D717D3E2}"
EndProject
Project("{9A19103F-16F7-4668-BE54-9A1E7A4F7556}") = "Tyuiu.OsadetsAA.Sprint6.Task5.V4.Test", "Tyuiu.OsadetsAA.Sprint6.Task5.V4.Test\Tyuiu.OsadetsAA.Sprint6.Task5.V4.Test.csproj", "{01B2A6B1-262F-4DEE-B037-DA25427F2644}"
EndProject
Project("{9A19103F-16F7-4668-BE54-9A1E7A4F7556}") = "Tyuiu.OsadetsAA.Sprint6.Task5.V4", "Tyuiu.OsadetsAA.Sprint6.Task5.V4\Tyuiu.OsadetsAA.Sprint6.Task5.V4.csproj", "{4BFF2535-A0FE-4DEC-B03D-25EB0B6BA8A9}"
EndProject
Project("{2150E333-8FDC-42A3-9474-1A3956D46DE8}") = "Task6", "Task6", "{883DD7EF-CAA4-4019-AB1E-FB1AD884076F}"
EndProject
Project("{9A19103F-16F7-4668-BE54-9A1E7A4F7556}") = "Tyuiu.OsadetsAA.Sprint6.Task6.V22.Lib", "Tyuiu.OsadetsAA.Sprint6.Task6.V22.Lib\Tyuiu.OsadetsAA.Sprint6.Task6.V22.Lib.csproj", "{9ECD067D-2A7C-4CF5-83AB-2CBCA984FBCC}"
EndProject
Project("{9A19103F-16F7-4668-BE54-9A1E7A4F7556}") = "Tyuiu.OsadetsAA.Sprint6.Task6.V22.Test", "Tyuiu.OsadetsAA.Sprint6.Task6.V22.Test\Tyuiu.OsadetsAA.Sprint6.Task6.V22.Test.csproj", "{344CA6B8-22A7-420A-B9A4-F25F1857B8F1}"
EndProject
Project("{9A19103F-16F7-4668-BE54-9A1E7A4F7556}") = "Tyuiu.OsadetsAA.Sprint6.Task6.V22", "Tyuiu.OsadetsAA.Sprint6.Task6.V22\Tyuiu.OsadetsAA.Sprint6.Task6.V22.csproj", "{8B83647E-2269-4D64-87B0-D69036C00EAD}"
EndProject
Project("{2150E333-8FDC-42A3-9474-1A3956D46DE8}") = "Task7", "Task7", "{D0C6E6CB-4B05-4A22-8770-B2E089FADEEC}"
EndProject
Project("{FAE04EC0-301F-11D3-BF4B-00C04F79EFBC}") = "Tyuiu.OsadetsAA.Sprint6.Task7.V24.Lib", "Tyuiu.OsadetsAA.Sprint6.Task7.V24.Lib\Tyuiu.OsadetsAA.Sprint6.Task7.V24.Lib.csproj", "{2B1BDAC4-8FB4-4633-B3B6-991869EA3691}"
EndProject
Project("{FAE04EC0-301F-11D3-BF4B-00C04F79EFBC}") = "Tyuiu.OsadetsAA.Sprint6.Task7.V24.Test", "Tyuiu.OsadetsAA.Sprint6.Task7.V24.Test\Tyuiu.OsadetsAA.Sprint6.Task7.V24.Test.csproj", "{E9C526CD-60E0-445D-9665-FAB28CFA89EB}"
EndProject
Project("{FAE04EC0-301F-11D3-BF4B-00C04F79EFBC}") = "Tyuiu.OsadetsAA.Sprint6.Task7.V24", "Tyuiu.OsadetsAA.Sprint6.Task7.V24\Tyuiu.OsadetsAA.Sprint6.Task7.V24.csproj", "{C3BC4558-F40C-448B-9B43-F62342B95E13}"
EndProject
Global
	GlobalSection(SolutionConfigurationPlatforms) = preSolution
		Debug|Any CPU = Debug|Any CPU
		Release|Any CPU = Release|Any CPU
	EndGlobalSection
	GlobalSection(ProjectConfigurationPlatforms) = postSolution
		{30EB6D0D-48EE-4016-AADA-3267DA65538E}.Debug|Any CPU.ActiveCfg = Debug|Any CPU
		{30EB6D0D-48EE-4016-AADA-3267DA65538E}.Debug|Any CPU.Build.0 = Debug|Any CPU
		{30EB6D0D-48EE-4016-AADA-3267DA65538E}.Release|Any CPU.ActiveCfg = Release|Any CPU
		{30EB6D0D-48EE-4016-AADA-3267DA65538E}.Release|Any CPU.Build.0 = Release|Any CPU
		{8BC8A3EC-873B-4463-BB77-3712D6AEF419}.Debug|Any CPU.ActiveCfg = Debug|Any CPU
		{8BC8A3EC-873B-4463-BB77-3712D6AEF419}.Debug|Any CPU.Build.0 = Debug|Any CPU
		{8BC8A3EC-873B-4463-BB77-3712D6AEF419}.Release|Any CPU.ActiveCfg = Release|Any CPU
		{8BC8A3EC-873B-4463-BB77-3712D6AEF419}.Release|Any CPU.Build.0 = Release|Any CPU
		{4C7ABABC-A086-4D14-ABA8-843C78243974}.Debug|Any CPU.ActiveCfg = Debug|Any CPU
		{4C7ABABC-A086-4D14-ABA8-843C78243974}.Debug|Any CPU.Build.0 = Debug|Any CPU
		{4C7ABABC-A086-4D14-ABA8-843C78243974}.Release|Any CPU.ActiveCfg = Release|Any CPU
		{4C7ABABC-A086-4D14-ABA8-843C78243974}.Release|Any CPU.Build.0 = Release|Any CPU
		{15641805-A80E-4D3F-9BF3-E46251587587}.Debug|Any CPU.ActiveCfg = Debug|Any CPU
		{15641805-A80E-4D3F-9BF3-E46251587587}.Debug|Any CPU.Build.0 = Debug|Any CPU
		{15641805-A80E-4D3F-9BF3-E46251587587}.Release|Any CPU.ActiveCfg = Release|Any CPU
		{15641805-A80E-4D3F-9BF3-E46251587587}.Release|Any CPU.Build.0 = Release|Any CPU
		{66607E23-659D-4E49-917F-78A2A60DD96C}.Debug|Any CPU.ActiveCfg = Debug|Any CPU
		{66607E23-659D-4E49-917F-78A2A60DD96C}.Debug|Any CPU.Build.0 = Debug|Any CPU
		{66607E23-659D-4E49-917F-78A2A60DD96C}.Release|Any CPU.ActiveCfg = Release|Any CPU
		{66607E23-659D-4E49-917F-78A2A60DD96C}.Release|Any CPU.Build.0 = Release|Any CPU
		{307D3797-BF7B-49C5-9090-BFE093B623ED}.Debug|Any CPU.ActiveCfg = Debug|Any CPU
		{307D3797-BF7B-49C5-9090-BFE093B623ED}.Debug|Any CPU.Build.0 = Debug|Any CPU
		{307D3797-BF7B-49C5-9090-BFE093B623ED}.Release|Any CPU.ActiveCfg = Release|Any CPU
		{307D3797-BF7B-49C5-9090-BFE093B623ED}.Release|Any CPU.Build.0 = Release|Any CPU
		{8CC8027E-A3DE-4F7E-B959-8C27C34990C2}.Debug|Any CPU.ActiveCfg = Debug|Any CPU
		{8CC8027E-A3DE-4F7E-B959-8C27C34990C2}.Debug|Any CPU.Build.0 = Debug|Any CPU
		{8CC8027E-A3DE-4F7E-B959-8C27C34990C2}.Release|Any CPU.ActiveCfg = Release|Any CPU
		{8CC8027E-A3DE-4F7E-B959-8C27C34990C2}.Release|Any CPU.Build.0 = Release|Any CPU
		{1A0B7B2B-6763-4393-8E17-CD51A6F06004}.Debug|Any CPU.ActiveCfg = Debug|Any CPU
		{1A0B7B2B-6763-4393-8E17-CD51A6F06004}.Debug|Any CPU.Build.0 = Debug|Any CPU
		{1A0B7B2B-6763-4393-8E17-CD51A6F06004}.Release|Any CPU.ActiveCfg = Release|Any CPU
		{1A0B7B2B-6763-4393-8E17-CD51A6F06004}.Release|Any CPU.Build.0 = Release|Any CPU
		{B7034D36-FD46-4D41-8270-2AC26EE9F036}.Debug|Any CPU.ActiveCfg = Debug|Any CPU
		{B7034D36-FD46-4D41-8270-2AC26EE9F036}.Debug|Any CPU.Build.0 = Debug|Any CPU
		{B7034D36-FD46-4D41-8270-2AC26EE9F036}.Release|Any CPU.ActiveCfg = Release|Any CPU
		{B7034D36-FD46-4D41-8270-2AC26EE9F036}.Release|Any CPU.Build.0 = Release|Any CPU
		{D31E4A68-DB8C-4DF6-B452-DFE469084512}.Debug|Any CPU.ActiveCfg = Debug|Any CPU
		{D31E4A68-DB8C-4DF6-B452-DFE469084512}.Debug|Any CPU.Build.0 = Debug|Any CPU
		{D31E4A68-DB8C-4DF6-B452-DFE469084512}.Release|Any CPU.ActiveCfg = Release|Any CPU
		{D31E4A68-DB8C-4DF6-B452-DFE469084512}.Release|Any CPU.Build.0 = Release|Any CPU
		{CB54DA77-31C6-496A-9172-30858EBED9EC}.Debug|Any CPU.ActiveCfg = Debug|Any CPU
		{CB54DA77-31C6-496A-9172-30858EBED9EC}.Debug|Any CPU.Build.0 = Debug|Any CPU
		{CB54DA77-31C6-496A-9172-30858EBED9EC}.Release|Any CPU.ActiveCfg = Release|Any CPU
		{CB54DA77-31C6-496A-9172-30858EBED9EC}.Release|Any CPU.Build.0 = Release|Any CPU
		{9E025A14-4BA9-4A31-B59D-34F71A88D792}.Debug|Any CPU.ActiveCfg = Debug|Any CPU
		{9E025A14-4BA9-4A31-B59D-34F71A88D792}.Debug|Any CPU.Build.0 = Debug|Any CPU
		{9E025A14-4BA9-4A31-B59D-34F71A88D792}.Release|Any CPU.ActiveCfg = Release|Any CPU
		{9E025A14-4BA9-4A31-B59D-34F71A88D792}.Release|Any CPU.Build.0 = Release|Any CPU
		{75791FBD-C733-4EDF-A6C9-7E83B38E872A}.Debug|Any CPU.ActiveCfg = Debug|Any CPU
		{75791FBD-C733-4EDF-A6C9-7E83B38E872A}.Debug|Any CPU.Build.0 = Debug|Any CPU
		{75791FBD-C733-4EDF-A6C9-7E83B38E872A}.Release|Any CPU.ActiveCfg = Release|Any CPU
		{75791FBD-C733-4EDF-A6C9-7E83B38E872A}.Release|Any CPU.Build.0 = Release|Any CPU
		{AFF10091-B947-4832-B879-11A7BF8D0F88}.Debug|Any CPU.ActiveCfg = Debug|Any CPU
		{AFF10091-B947-4832-B879-11A7BF8D0F88}.Debug|Any CPU.Build.0 = Debug|Any CPU
		{AFF10091-B947-4832-B879-11A7BF8D0F88}.Release|Any CPU.ActiveCfg = Release|Any CPU
		{AFF10091-B947-4832-B879-11A7BF8D0F88}.Release|Any CPU.Build.0 = Release|Any CPU
		{97D70A67-ED17-4E4A-84DE-6DB6ED91F622}.Debug|Any CPU.ActiveCfg = Debug|Any CPU
		{97D70A67-ED17-4E4A-84DE-6DB6ED91F622}.Debug|Any CPU.Build.0 = Debug|Any CPU
		{97D70A67-ED17-4E4A-84DE-6DB6ED91F622}.Release|Any CPU.ActiveCfg = Release|Any CPU
		{97D70A67-ED17-4E4A-84DE-6DB6ED91F622}.Release|Any CPU.Build.0 = Release|Any CPU
		{397EF890-86CA-4DB4-A253-BEB0D717D3E2}.Debug|Any CPU.ActiveCfg = Debug|Any CPU
		{397EF890-86CA-4DB4-A253-BEB0D717D3E2}.Debug|Any CPU.Build.0 = Debug|Any CPU
		{397EF890-86CA-4DB4-A253-BEB0D717D3E2}.Release|Any CPU.ActiveCfg = Release|Any CPU
		{397EF890-86CA-4DB4-A253-BEB0D717D3E2}.Release|Any CPU.Build.0 = Release|Any CPU
		{01B2A6B1-262F-4DEE-B037-DA25427F2644}.Debug|Any CPU.ActiveCfg = Debug|Any CPU
		{01B2A6B1-262F-4DEE-B037-DA25427F2644}.Debug|Any CPU.Build.0 = Debug|Any CPU
		{01B2A6B1-262F-4DEE-B037-DA25427F2644}.Release|Any CPU.ActiveCfg = Release|Any CPU
		{01B2A6B1-262F-4DEE-B037-DA25427F2644}.Release|Any CPU.Build.0 = Release|Any CPU
		{4BFF2535-A0FE-4DEC-B03D-25EB0B6BA8A9}.Debug|Any CPU.ActiveCfg = Debug|Any CPU
		{4BFF2535-A0FE-4DEC-B03D-25EB0B6BA8A9}.Debug|Any CPU.Build.0 = Debug|Any CPU
		{4BFF2535-A0FE-4DEC-B03D-25EB0B6BA8A9}.Release|Any CPU.ActiveCfg = Release|Any CPU
		{4BFF2535-A0FE-4DEC-B03D-25EB0B6BA8A9}.Release|Any CPU.Build.0 = Release|Any CPU
		{9ECD067D-2A7C-4CF5-83AB-2CBCA984FBCC}.Debug|Any CPU.ActiveCfg = Debug|Any CPU
		{9ECD067D-2A7C-4CF5-83AB-2CBCA984FBCC}.Debug|Any CPU.Build.0 = Debug|Any CPU
		{9ECD067D-2A7C-4CF5-83AB-2CBCA984FBCC}.Release|Any CPU.ActiveCfg = Release|Any CPU
		{9ECD067D-2A7C-4CF5-83AB-2CBCA984FBCC}.Release|Any CPU.Build.0 = Release|Any CPU
		{344CA6B8-22A7-420A-B9A4-F25F1857B8F1}.Debug|Any CPU.ActiveCfg = Debug|Any CPU
		{344CA6B8-22A7-420A-B9A4-F25F1857B8F1}.Debug|Any CPU.Build.0 = Debug|Any CPU
		{344CA6B8-22A7-420A-B9A4-F25F1857B8F1}.Release|Any CPU.ActiveCfg = Release|Any CPU
		{344CA6B8-22A7-420A-B9A4-F25F1857B8F1}.Release|Any CPU.Build.0 = Release|Any CPU
		{8B83647E-2269-4D64-87B0-D69036C00EAD}.Debug|Any CPU.ActiveCfg = Debug|Any CPU
		{8B83647E-2269-4D64-87B0-D69036C00EAD}.Debug|Any CPU.Build.0 = Debug|Any CPU
		{8B83647E-2269-4D64-87B0-D69036C00EAD}.Release|Any CPU.ActiveCfg = Release|Any CPU
		{8B83647E-2269-4D64-87B0-D69036C00EAD}.Release|Any CPU.Build.0 = Release|Any CPU
		{2B1BDAC4-8FB4-4633-B3B6-991869EA3691}.Debug|Any CPU.ActiveCfg = Debug|Any CPU
		{2B1BDAC4-8FB4-4633-B3B6-991869EA3691}.Debug|Any CPU.Build.0 = Debug|Any CPU
		{2B1BDAC4-8FB4-4633-B3B6-991869EA3691}.Release|Any CPU.ActiveCfg = Release|Any CPU
		{2B1BDAC4-8FB4-4633-B3B6-991869EA3691}.Release|Any CPU.Build.0 = Release|Any CPU
		{E9C526CD-60E0-445D-9665-FAB28CFA89EB}.Debug|Any CPU.ActiveCfg = Debug|Any CPU
		{E9C526CD-60E0-445D-9665-FAB28CFA89EB}.Debug|Any CPU.Build.0 = Debug|Any CPU
		{E9C526CD-60E0-445D-9665-FAB28CFA89EB}.Release|Any CPU.ActiveCfg = Release|Any CPU
		{E9C526CD-60E0-445D-9665-FAB28CFA89EB}.Release|Any CPU.Build.0 = Release|Any CPU
		{C3BC4558-F40C-448B-9B43-F62342B95E13}.Debug|Any CPU.ActiveCfg = Debug|Any CPU
		{C3BC4558-F40C-448B-9B43-F62342B95E13}.Debug|Any CPU.Build.0 = Debug|Any CPU
		{C3BC4558-F40C-448B-9B43-F62342B95E13}.Release|Any CPU.ActiveCfg = Release|Any CPU
		{C3BC4558-F40C-448B-9B43-F62342B95E13}.Release|Any CPU.Build.0 = Release|Any CPU
	EndGlobalSection
	GlobalSection(SolutionProperties) = preSolution
		HideSolutionNode = FALSE
	EndGlobalSection
	GlobalSection(NestedProjects) = preSolution
		{30EB6D0D-48EE-4016-AADA-3267DA65538E} = {586BBE5B-126F-419C-98AF-FC67A8A5C962}
		{8BC8A3EC-873B-4463-BB77-3712D6AEF419} = {586BBE5B-126F-419C-98AF-FC67A8A5C962}
		{4C7ABABC-A086-4D14-ABA8-843C78243974} = {586BBE5B-126F-419C-98AF-FC67A8A5C962}
		{15641805-A80E-4D3F-9BF3-E46251587587} = {3D8D1858-9D0E-44E7-B24E-5C9BC424167B}
		{66607E23-659D-4E49-917F-78A2A60DD96C} = {3D8D1858-9D0E-44E7-B24E-5C9BC424167B}
		{307D3797-BF7B-49C5-9090-BFE093B623ED} = {3D8D1858-9D0E-44E7-B24E-5C9BC424167B}
		{8CC8027E-A3DE-4F7E-B959-8C27C34990C2} = {FAF55980-44D8-4BF0-89D4-19F85AB24B0D}
		{1A0B7B2B-6763-4393-8E17-CD51A6F06004} = {FAF55980-44D8-4BF0-89D4-19F85AB24B0D}
		{B7034D36-FD46-4D41-8270-2AC26EE9F036} = {FAF55980-44D8-4BF0-89D4-19F85AB24B0D}
		{D31E4A68-DB8C-4DF6-B452-DFE469084512} = {8D64A263-83CB-45E4-87E3-1F223DF1C1AB}
		{CB54DA77-31C6-496A-9172-30858EBED9EC} = {8D64A263-83CB-45E4-87E3-1F223DF1C1AB}
		{9E025A14-4BA9-4A31-B59D-34F71A88D792} = {8D64A263-83CB-45E4-87E3-1F223DF1C1AB}
		{75791FBD-C733-4EDF-A6C9-7E83B38E872A} = {FA819999-51B7-42E4-A953-FFF85DE2BB67}
		{AFF10091-B947-4832-B879-11A7BF8D0F88} = {FA819999-51B7-42E4-A953-FFF85DE2BB67}
		{97D70A67-ED17-4E4A-84DE-6DB6ED91F622} = {FA819999-51B7-42E4-A953-FFF85DE2BB67}
		{397EF890-86CA-4DB4-A253-BEB0D717D3E2} = {5ED76563-B320-4AB3-BB9B-3F131A5C3BB5}
		{01B2A6B1-262F-4DEE-B037-DA25427F2644} = {5ED76563-B320-4AB3-BB9B-3F131A5C3BB5}
		{4BFF2535-A0FE-4DEC-B03D-25EB0B6BA8A9} = {5ED76563-B320-4AB3-BB9B-3F131A5C3BB5}
		{9ECD067D-2A7C-4CF5-83AB-2CBCA984FBCC} = {883DD7EF-CAA4-4019-AB1E-FB1AD884076F}
		{344CA6B8-22A7-420A-B9A4-F25F1857B8F1} = {883DD7EF-CAA4-4019-AB1E-FB1AD884076F}
		{8B83647E-2269-4D64-87B0-D69036C00EAD} = {883DD7EF-CAA4-4019-AB1E-FB1AD884076F}
		{2B1BDAC4-8FB4-4633-B3B6-991869EA3691} = {D0C6E6CB-4B05-4A22-8770-B2E089FADEEC}
		{E9C526CD-60E0-445D-9665-FAB28CFA89EB} = {D0C6E6CB-4B05-4A22-8770-B2E089FADEEC}
		{C3BC4558-F40C-448B-9B43-F62342B95E13} = {D0C6E6CB-4B05-4A22-8770-B2E089FADEEC}
	EndGlobalSection
	GlobalSection(ExtensibilityGlobals) = postSolution
		SolutionGuid = {3EA7B902-CDAD-4174-8971-A03CD13CD5F9}
	EndGlobalSection
EndGlobal
